// !$*UTF8*$!
{
	archiveVersion = 1;
	classes = {
	};
	objectVersion = 46;
	objects = {

/* Begin PBXBuildFile section */
		F14BB22613C50E2E00F00CFF /* DocuSign-iOS-Sample-App-Info.plist in Resources */ = {isa = PBXBuildFile; fileRef = F14BB21713C50E2E00F00CFF /* DocuSign-iOS-Sample-App-Info.plist */; };
		F14BB22713C50E2E00F00CFF /* DocuSign_iOS_Sample_AppAppDelegate.m in Sources */ = {isa = PBXBuildFile; fileRef = F14BB21A13C50E2E00F00CFF /* DocuSign_iOS_Sample_AppAppDelegate.m */; };
		F14BB22813C50E2E00F00CFF /* DocuSign_iOS_Sample_AppViewController.m in Sources */ = {isa = PBXBuildFile; fileRef = F14BB21C13C50E2E00F00CFF /* DocuSign_iOS_Sample_AppViewController.m */; };
		F14BB22A13C50E2E00F00CFF /* DocuSign_iOS_Sample_AppViewController.xib in Resources */ = {isa = PBXBuildFile; fileRef = F14BB21F13C50E2E00F00CFF /* DocuSign_iOS_Sample_AppViewController.xib */; };
		F14BB22B13C50E2E00F00CFF /* InfoPlist.strings in Resources */ = {isa = PBXBuildFile; fileRef = F14BB22113C50E2E00F00CFF /* InfoPlist.strings */; };
		F14BB22C13C50E2E00F00CFF /* MainWindow.xib in Resources */ = {isa = PBXBuildFile; fileRef = F14BB22313C50E2E00F00CFF /* MainWindow.xib */; };
		F14BB22D13C50E2E00F00CFF /* main.m in Sources */ = {isa = PBXBuildFile; fileRef = F14BB22513C50E2E00F00CFF /* main.m */; };
		F14BB23513C5103C00F00CFF /* DocuSign-iOS-Sample-AppTests-Info.plist in Resources */ = {isa = PBXBuildFile; fileRef = F14BB22F13C5103C00F00CFF /* DocuSign-iOS-Sample-AppTests-Info.plist */; };
		F14BB23613C5103C00F00CFF /* DocuSign_iOS_Sample_AppTests.m in Sources */ = {isa = PBXBuildFile; fileRef = F14BB23213C5103C00F00CFF /* DocuSign_iOS_Sample_AppTests.m */; };
		F14BB23713C5103C00F00CFF /* InfoPlist.strings in Resources */ = {isa = PBXBuildFile; fileRef = F14BB23313C5103C00F00CFF /* InfoPlist.strings */; };
		F14BB23913C5110800F00CFF /* DocuSign.framework in Frameworks */ = {isa = PBXBuildFile; fileRef = F14BB23813C5110800F00CFF /* DocuSign.framework */; };
		F14BB23A13C5110800F00CFF /* DocuSign.framework in Frameworks */ = {isa = PBXBuildFile; fileRef = F14BB23813C5110800F00CFF /* DocuSign.framework */; };
		F17138DA137F0F130061B650 /* UIKit.framework in Frameworks */ = {isa = PBXBuildFile; fileRef = F17138D9137F0F130061B650 /* UIKit.framework */; };
		F17138DC137F0F130061B650 /* Foundation.framework in Frameworks */ = {isa = PBXBuildFile; fileRef = F17138DB137F0F130061B650 /* Foundation.framework */; };
		F17138DE137F0F130061B650 /* CoreGraphics.framework in Frameworks */ = {isa = PBXBuildFile; fileRef = F17138DD137F0F130061B650 /* CoreGraphics.framework */; };
		F17138FA137F0F130061B650 /* UIKit.framework in Frameworks */ = {isa = PBXBuildFile; fileRef = F17138D9137F0F130061B650 /* UIKit.framework */; };
		F17138FB137F0F130061B650 /* Foundation.framework in Frameworks */ = {isa = PBXBuildFile; fileRef = F17138DB137F0F130061B650 /* Foundation.framework */; };
		F17138FC137F0F130061B650 /* CoreGraphics.framework in Frameworks */ = {isa = PBXBuildFile; fileRef = F17138DD137F0F130061B650 /* CoreGraphics.framework */; };
/* End PBXBuildFile section */

/* Begin PBXContainerItemProxy section */
		F17138FD137F0F130061B650 /* PBXContainerItemProxy */ = {
			isa = PBXContainerItemProxy;
			containerPortal = F17138CC137F0F130061B650 /* Project object */;
			proxyType = 1;
			remoteGlobalIDString = F17138D4137F0F130061B650;
			remoteInfo = "DocuSign-iOS-Sample-App";
		};
/* End PBXContainerItemProxy section */

/* Begin PBXFileReference section */
		F14BB21713C50E2E00F00CFF /* DocuSign-iOS-Sample-App-Info.plist */ = {isa = PBXFileReference; fileEncoding = 4; lastKnownFileType = text.plist.xml; path = "DocuSign-iOS-Sample-App-Info.plist"; sourceTree = "<group>"; };
		F14BB21813C50E2E00F00CFF /* DocuSign-iOS-Sample-App-Prefix.pch */ = {isa = PBXFileReference; fileEncoding = 4; lastKnownFileType = sourcecode.c.h; path = "DocuSign-iOS-Sample-App-Prefix.pch"; sourceTree = "<group>"; };
		F14BB21913C50E2E00F00CFF /* DocuSign_iOS_Sample_AppAppDelegate.h */ = {isa = PBXFileReference; fileEncoding = 4; lastKnownFileType = sourcecode.c.h; path = DocuSign_iOS_Sample_AppAppDelegate.h; sourceTree = "<group>"; };
		F14BB21A13C50E2E00F00CFF /* DocuSign_iOS_Sample_AppAppDelegate.m */ = {isa = PBXFileReference; fileEncoding = 4; lastKnownFileType = sourcecode.c.objc; path = DocuSign_iOS_Sample_AppAppDelegate.m; sourceTree = "<group>"; };
		F14BB21B13C50E2E00F00CFF /* DocuSign_iOS_Sample_AppViewController.h */ = {isa = PBXFileReference; fileEncoding = 4; lastKnownFileType = sourcecode.c.h; path = DocuSign_iOS_Sample_AppViewController.h; sourceTree = "<group>"; };
		F14BB21C13C50E2E00F00CFF /* DocuSign_iOS_Sample_AppViewController.m */ = {isa = PBXFileReference; fileEncoding = 4; lastKnownFileType = sourcecode.c.objc; path = DocuSign_iOS_Sample_AppViewController.m; sourceTree = "<group>"; };
		F14BB22013C50E2E00F00CFF /* en */ = {isa = PBXFileReference; lastKnownFileType = file.xib; name = en; path = en.lproj/DocuSign_iOS_Sample_AppViewController.xib; sourceTree = "<group>"; };
		F14BB22213C50E2E00F00CFF /* en */ = {isa = PBXFileReference; lastKnownFileType = text.plist.strings; name = en; path = en.lproj/InfoPlist.strings; sourceTree = "<group>"; };
		F14BB22413C50E2E00F00CFF /* en */ = {isa = PBXFileReference; lastKnownFileType = file.xib; name = en; path = en.lproj/MainWindow.xib; sourceTree = "<group>"; };
		F14BB22513C50E2E00F00CFF /* main.m */ = {isa = PBXFileReference; fileEncoding = 4; lastKnownFileType = sourcecode.c.objc; path = main.m; sourceTree = "<group>"; };
		F14BB22F13C5103C00F00CFF /* DocuSign-iOS-Sample-AppTests-Info.plist */ = {isa = PBXFileReference; fileEncoding = 4; lastKnownFileType = text.plist.xml; path = "DocuSign-iOS-Sample-AppTests-Info.plist"; sourceTree = "<group>"; };
		F14BB23013C5103C00F00CFF /* DocuSign-iOS-Sample-AppTests-Prefix.pch */ = {isa = PBXFileReference; fileEncoding = 4; lastKnownFileType = sourcecode.c.h; path = "DocuSign-iOS-Sample-AppTests-Prefix.pch"; sourceTree = "<group>"; };
		F14BB23113C5103C00F00CFF /* DocuSign_iOS_Sample_AppTests.h */ = {isa = PBXFileReference; fileEncoding = 4; lastKnownFileType = sourcecode.c.h; path = DocuSign_iOS_Sample_AppTests.h; sourceTree = "<group>"; };
		F14BB23213C5103C00F00CFF /* DocuSign_iOS_Sample_AppTests.m */ = {isa = PBXFileReference; fileEncoding = 4; lastKnownFileType = sourcecode.c.objc; path = DocuSign_iOS_Sample_AppTests.m; sourceTree = "<group>"; };
		F14BB23413C5103C00F00CFF /* en */ = {isa = PBXFileReference; lastKnownFileType = text.plist.strings; name = en; path = en.lproj/InfoPlist.strings; sourceTree = "<group>"; };
		F14BB23813C5110800F00CFF /* DocuSign.framework */ = {isa = PBXFileReference; lastKnownFileType = wrapper.framework; path = DocuSign.framework; sourceTree = "<group>"; };
		F17138D5137F0F130061B650 /* DocuSign-iOS-Sample-App.app */ = {isa = PBXFileReference; explicitFileType = wrapper.application; includeInIndex = 0; path = "DocuSign-iOS-Sample-App.app"; sourceTree = BUILT_PRODUCTS_DIR; };
		F17138D9137F0F130061B650 /* UIKit.framework */ = {isa = PBXFileReference; lastKnownFileType = wrapper.framework; name = UIKit.framework; path = System/Library/Frameworks/UIKit.framework; sourceTree = SDKROOT; };
		F17138DB137F0F130061B650 /* Foundation.framework */ = {isa = PBXFileReference; lastKnownFileType = wrapper.framework; name = Foundation.framework; path = System/Library/Frameworks/Foundation.framework; sourceTree = SDKROOT; };
		F17138DD137F0F130061B650 /* CoreGraphics.framework */ = {isa = PBXFileReference; lastKnownFileType = wrapper.framework; name = CoreGraphics.framework; path = System/Library/Frameworks/CoreGraphics.framework; sourceTree = SDKROOT; };
		F17138F9137F0F130061B650 /* DocuSign-iOS-Sample-AppTests.octest */ = {isa = PBXFileReference; explicitFileType = wrapper.cfbundle; includeInIndex = 0; path = "DocuSign-iOS-Sample-AppTests.octest"; sourceTree = BUILT_PRODUCTS_DIR; };
/* End PBXFileReference section */

/* Begin PBXFrameworksBuildPhase section */
		F17138D2137F0F130061B650 /* Frameworks */ = {
			isa = PBXFrameworksBuildPhase;
			buildActionMask = 2147483647;
			files = (
				F17138DA137F0F130061B650 /* UIKit.framework in Frameworks */,
				F17138DC137F0F130061B650 /* Foundation.framework in Frameworks */,
				F17138DE137F0F130061B650 /* CoreGraphics.framework in Frameworks */,
				F14BB23913C5110800F00CFF /* DocuSign.framework in Frameworks */,
			);
			runOnlyForDeploymentPostprocessing = 0;
		};
		F17138F5137F0F130061B650 /* Frameworks */ = {
			isa = PBXFrameworksBuildPhase;
			buildActionMask = 2147483647;
			files = (
				F17138FA137F0F130061B650 /* UIKit.framework in Frameworks */,
				F17138FB137F0F130061B650 /* Foundation.framework in Frameworks */,
				F17138FC137F0F130061B650 /* CoreGraphics.framework in Frameworks */,
				F14BB23A13C5110800F00CFF /* DocuSign.framework in Frameworks */,
			);
			runOnlyForDeploymentPostprocessing = 0;
		};
/* End PBXFrameworksBuildPhase section */

/* Begin PBXGroup section */
		F14BB21613C50E2E00F00CFF /* src */ = {
			isa = PBXGroup;
			children = (
				F14BB21713C50E2E00F00CFF /* DocuSign-iOS-Sample-App-Info.plist */,
				F14BB21813C50E2E00F00CFF /* DocuSign-iOS-Sample-App-Prefix.pch */,
				F14BB21913C50E2E00F00CFF /* DocuSign_iOS_Sample_AppAppDelegate.h */,
				F14BB21A13C50E2E00F00CFF /* DocuSign_iOS_Sample_AppAppDelegate.m */,
				F14BB21B13C50E2E00F00CFF /* DocuSign_iOS_Sample_AppViewController.h */,
				F14BB21C13C50E2E00F00CFF /* DocuSign_iOS_Sample_AppViewController.m */,
				F14BB21F13C50E2E00F00CFF /* DocuSign_iOS_Sample_AppViewController.xib */,
				F14BB22113C50E2E00F00CFF /* InfoPlist.strings */,
				F14BB22313C50E2E00F00CFF /* MainWindow.xib */,
				F14BB22513C50E2E00F00CFF /* main.m */,
			);
			path = src;
			sourceTree = "<group>";
		};
		F14BB22E13C5103C00F00CFF /* test */ = {
			isa = PBXGroup;
			children = (
				F14BB22F13C5103C00F00CFF /* DocuSign-iOS-Sample-AppTests-Info.plist */,
				F14BB23013C5103C00F00CFF /* DocuSign-iOS-Sample-AppTests-Prefix.pch */,
				F14BB23113C5103C00F00CFF /* DocuSign_iOS_Sample_AppTests.h */,
				F14BB23213C5103C00F00CFF /* DocuSign_iOS_Sample_AppTests.m */,
				F14BB23313C5103C00F00CFF /* InfoPlist.strings */,
			);
			path = test;
			sourceTree = "<group>";
		};
		F17138CA137F0F130061B650 = {
			isa = PBXGroup;
			children = (
				F14BB21613C50E2E00F00CFF /* src */,
				F14BB22E13C5103C00F00CFF /* test */,
				F17138D8137F0F130061B650 /* Frameworks */,
				F17138D6137F0F130061B650 /* Products */,
			);
			sourceTree = "<group>";
		};
		F17138D6137F0F130061B650 /* Products */ = {
			isa = PBXGroup;
			children = (
				F17138D5137F0F130061B650 /* DocuSign-iOS-Sample-App.app */,
				F17138F9137F0F130061B650 /* DocuSign-iOS-Sample-AppTests.octest */,
			);
			name = Products;
			sourceTree = "<group>";
		};
		F17138D8137F0F130061B650 /* Frameworks */ = {
			isa = PBXGroup;
			children = (
				F14BB23813C5110800F00CFF /* DocuSign.framework */,
				F17138D9137F0F130061B650 /* UIKit.framework */,
				F17138DB137F0F130061B650 /* Foundation.framework */,
				F17138DD137F0F130061B650 /* CoreGraphics.framework */,
			);
			name = Frameworks;
			sourceTree = "<group>";
		};
/* End PBXGroup section */

/* Begin PBXNativeTarget section */
		F17138D4137F0F130061B650 /* DocuSign-iOS-Sample-App */ = {
			isa = PBXNativeTarget;
			buildConfigurationList = F171390C137F0F130061B650 /* Build configuration list for PBXNativeTarget "DocuSign-iOS-Sample-App" */;
			buildPhases = (
				F17138D1137F0F130061B650 /* Sources */,
				F17138D2137F0F130061B650 /* Frameworks */,
				F17138D3137F0F130061B650 /* Resources */,
			);
			buildRules = (
			);
			dependencies = (
			);
			name = "DocuSign-iOS-Sample-App";
			productName = "DocuSign-iOS-Sample-App";
			productReference = F17138D5137F0F130061B650 /* DocuSign-iOS-Sample-App.app */;
			productType = "com.apple.product-type.application";
		};
		F17138F8137F0F130061B650 /* DocuSign-iOS-Sample-AppTests */ = {
			isa = PBXNativeTarget;
			buildConfigurationList = F171390F137F0F130061B650 /* Build configuration list for PBXNativeTarget "DocuSign-iOS-Sample-AppTests" */;
			buildPhases = (
				F17138F4137F0F130061B650 /* Sources */,
				F17138F5137F0F130061B650 /* Frameworks */,
				F17138F6137F0F130061B650 /* Resources */,
				F17138F7137F0F130061B650 /* ShellScript */,
			);
			buildRules = (
			);
			dependencies = (
				F17138FE137F0F130061B650 /* PBXTargetDependency */,
			);
			name = "DocuSign-iOS-Sample-AppTests";
			productName = "DocuSign-iOS-Sample-AppTests";
			productReference = F17138F9137F0F130061B650 /* DocuSign-iOS-Sample-AppTests.octest */;
			productType = "com.apple.product-type.bundle";
		};
/* End PBXNativeTarget section */

/* Begin PBXProject section */
		F17138CC137F0F130061B650 /* Project object */ = {
			isa = PBXProject;
			attributes = {
				ORGANIZATIONNAME = "DocuSign Inc.";
			};
			buildConfigurationList = F17138CF137F0F130061B650 /* Build configuration list for PBXProject "DocuSign-iOS-Sample-App" */;
			compatibilityVersion = "Xcode 3.2";
			developmentRegion = English;
			hasScannedForEncodings = 0;
			knownRegions = (
				en,
			);
			mainGroup = F17138CA137F0F130061B650;
			productRefGroup = F17138D6137F0F130061B650 /* Products */;
			projectDirPath = "";
			projectRoot = "";
			targets = (
				F17138D4137F0F130061B650 /* DocuSign-iOS-Sample-App */,
				F17138F8137F0F130061B650 /* DocuSign-iOS-Sample-AppTests */,
			);
		};
/* End PBXProject section */

/* Begin PBXResourcesBuildPhase section */
		F17138D3137F0F130061B650 /* Resources */ = {
			isa = PBXResourcesBuildPhase;
			buildActionMask = 2147483647;
			files = (
				F14BB22613C50E2E00F00CFF /* DocuSign-iOS-Sample-App-Info.plist in Resources */,
				F14BB22A13C50E2E00F00CFF /* DocuSign_iOS_Sample_AppViewController.xib in Resources */,
				F14BB22B13C50E2E00F00CFF /* InfoPlist.strings in Resources */,
				F14BB22C13C50E2E00F00CFF /* MainWindow.xib in Resources */,
			);
			runOnlyForDeploymentPostprocessing = 0;
		};
		F17138F6137F0F130061B650 /* Resources */ = {
			isa = PBXResourcesBuildPhase;
			buildActionMask = 2147483647;
			files = (
				F14BB23513C5103C00F00CFF /* DocuSign-iOS-Sample-AppTests-Info.plist in Resources */,
				F14BB23713C5103C00F00CFF /* InfoPlist.strings in Resources */,
			);
			runOnlyForDeploymentPostprocessing = 0;
		};
/* End PBXResourcesBuildPhase section */

/* Begin PBXShellScriptBuildPhase section */
		F17138F7137F0F130061B650 /* ShellScript */ = {
			isa = PBXShellScriptBuildPhase;
			buildActionMask = 2147483647;
			files = (
			);
			inputPaths = (
			);
			outputPaths = (
			);
			runOnlyForDeploymentPostprocessing = 0;
			shellPath = /bin/sh;
			shellScript = "# Run the unit tests in this test bundle.\n\"${SYSTEM_DEVELOPER_DIR}/Tools/RunUnitTests\"\n";
		};
/* End PBXShellScriptBuildPhase section */

/* Begin PBXSourcesBuildPhase section */
		F17138D1137F0F130061B650 /* Sources */ = {
			isa = PBXSourcesBuildPhase;
			buildActionMask = 2147483647;
			files = (
				F14BB22713C50E2E00F00CFF /* DocuSign_iOS_Sample_AppAppDelegate.m in Sources */,
				F14BB22813C50E2E00F00CFF /* DocuSign_iOS_Sample_AppViewController.m in Sources */,
				F14BB22D13C50E2E00F00CFF /* main.m in Sources */,
			);
			runOnlyForDeploymentPostprocessing = 0;
		};
		F17138F4137F0F130061B650 /* Sources */ = {
			isa = PBXSourcesBuildPhase;
			buildActionMask = 2147483647;
			files = (
				F14BB23613C5103C00F00CFF /* DocuSign_iOS_Sample_AppTests.m in Sources */,
			);
			runOnlyForDeploymentPostprocessing = 0;
		};
/* End PBXSourcesBuildPhase section */

/* Begin PBXTargetDependency section */
		F17138FE137F0F130061B650 /* PBXTargetDependency */ = {
			isa = PBXTargetDependency;
			target = F17138D4137F0F130061B650 /* DocuSign-iOS-Sample-App */;
			targetProxy = F17138FD137F0F130061B650 /* PBXContainerItemProxy */;
		};
/* End PBXTargetDependency section */

/* Begin PBXVariantGroup section */
		F14BB21F13C50E2E00F00CFF /* DocuSign_iOS_Sample_AppViewController.xib */ = {
			isa = PBXVariantGroup;
			children = (
				F14BB22013C50E2E00F00CFF /* en */,
			);
			name = DocuSign_iOS_Sample_AppViewController.xib;
			sourceTree = "<group>";
		};
		F14BB22113C50E2E00F00CFF /* InfoPlist.strings */ = {
			isa = PBXVariantGroup;
			children = (
				F14BB22213C50E2E00F00CFF /* en */,
			);
			name = InfoPlist.strings;
			sourceTree = "<group>";
		};
		F14BB22313C50E2E00F00CFF /* MainWindow.xib */ = {
			isa = PBXVariantGroup;
			children = (
				F14BB22413C50E2E00F00CFF /* en */,
			);
			name = MainWindow.xib;
			sourceTree = "<group>";
		};
		F14BB23313C5103C00F00CFF /* InfoPlist.strings */ = {
			isa = PBXVariantGroup;
			children = (
				F14BB23413C5103C00F00CFF /* en */,
			);
			name = InfoPlist.strings;
			sourceTree = "<group>";
		};
/* End PBXVariantGroup section */

/* Begin XCBuildConfiguration section */
		F171390A137F0F130061B650 /* Debug */ = {
			isa = XCBuildConfiguration;
			buildSettings = {
				ARCHS = "$(ARCHS_STANDARD_32_BIT)";
				"CODE_SIGN_IDENTITY[sdk=iphoneos*]" = "iPhone Developer";
				GCC_C_LANGUAGE_STANDARD = gnu99;
				GCC_OPTIMIZATION_LEVEL = 0;
				GCC_PREPROCESSOR_DEFINITIONS = DEBUG;
				GCC_SYMBOLS_PRIVATE_EXTERN = NO;
				GCC_VERSION = com.apple.compilers.llvmgcc42;
				GCC_WARN_ABOUT_RETURN_TYPE = YES;
				GCC_WARN_UNUSED_VARIABLE = YES;
				IPHONEOS_DEPLOYMENT_TARGET = 4.3;
				OTHER_CFLAGS = "-I/usr/include/libxml2";
				OTHER_LDFLAGS = "-lxml2";
				SDKROOT = iphoneos;
			};
			name = Debug;
		};
		F171390B137F0F130061B650 /* Release */ = {
			isa = XCBuildConfiguration;
			buildSettings = {
				ARCHS = "$(ARCHS_STANDARD_32_BIT)";
				"CODE_SIGN_IDENTITY[sdk=iphoneos*]" = "iPhone Developer";
				GCC_C_LANGUAGE_STANDARD = gnu99;
				GCC_VERSION = com.apple.compilers.llvmgcc42;
				GCC_WARN_ABOUT_RETURN_TYPE = YES;
				GCC_WARN_UNUSED_VARIABLE = YES;
				IPHONEOS_DEPLOYMENT_TARGET = 4.3;
				OTHER_CFLAGS = (
					"-DNS_BLOCK_ASSERTIONS=1",
					"-I/usr/include/libxml2",
				);
				OTHER_LDFLAGS = "-lxml2";
				SDKROOT = iphoneos;
			};
			name = Release;
		};
		F171390D137F0F130061B650 /* Debug */ = {
			isa = XCBuildConfiguration;
			buildSettings = {
				ALWAYS_SEARCH_USER_PATHS = NO;
				COPY_PHASE_STRIP = NO;
				FRAMEWORK_SEARCH_PATHS = (
					"$(inherited)",
					"\"$(SRCROOT)\"",
				);
				GCC_DYNAMIC_NO_PIC = NO;
				GCC_PRECOMPILE_PREFIX_HEADER = YES;
				GCC_PREFIX_HEADER = "src/DocuSign-iOS-Sample-App-Prefix.pch";
				INFOPLIST_FILE = "src/DocuSign-iOS-Sample-App-Info.plist";
				OTHER_CFLAGS = "";
				PRODUCT_NAME = "$(TARGET_NAME)";
				WRAPPER_EXTENSION = app;
			};
			name = Debug;
		};
		F171390E137F0F130061B650 /* Release */ = {
			isa = XCBuildConfiguration;
			buildSettings = {
				ALWAYS_SEARCH_USER_PATHS = NO;
				COPY_PHASE_STRIP = YES;
				FRAMEWORK_SEARCH_PATHS = (
					"$(inherited)",
					"\"$(SRCROOT)\"",
				);
				GCC_PRECOMPILE_PREFIX_HEADER = YES;
				GCC_PREFIX_HEADER = "src/DocuSign-iOS-Sample-App-Prefix.pch";
				INFOPLIST_FILE = "src/DocuSign-iOS-Sample-App-Info.plist";
				PRODUCT_NAME = "$(TARGET_NAME)";
				VALIDATE_PRODUCT = YES;
				WRAPPER_EXTENSION = app;
			};
			name = Release;
		};
		F1713910137F0F130061B650 /* Debug */ = {
			isa = XCBuildConfiguration;
			buildSettings = {
				ALWAYS_SEARCH_USER_PATHS = NO;
				BUNDLE_LOADER = "$(BUILT_PRODUCTS_DIR)/DocuSign-iOS-Sample-App.app/DocuSign-iOS-Sample-App";
				FRAMEWORK_SEARCH_PATHS = (
					"$(SDKROOT)/Developer/Library/Frameworks",
					"$(DEVELOPER_LIBRARY_DIR)/Frameworks",
					"\"$(SRCROOT)\"",
				);
				GCC_PRECOMPILE_PREFIX_HEADER = YES;
				GCC_PREFIX_HEADER = "test/DocuSign-iOS-Sample-AppTests-Prefix.pch";
				INFOPLIST_FILE = "test/DocuSign-iOS-Sample-AppTests-Info.plist";
				OTHER_LDFLAGS = (
					"-framework",
					SenTestingKit,
					"-lxml2",
				);
				PRODUCT_NAME = "$(TARGET_NAME)";
				TEST_HOST = "$(BUNDLE_LOADER)";
				WRAPPER_EXTENSION = octest;
			};
			name = Debug;
		};
		F1713911137F0F130061B650 /* Release */ = {
			isa = XCBuildConfiguration;
			buildSettings = {
				ALWAYS_SEARCH_USER_PATHS = NO;
				BUNDLE_LOADER = "$(BUILT_PRODUCTS_DIR)/DocuSign-iOS-Sample-App.app/DocuSign-iOS-Sample-App";
				FRAMEWORK_SEARCH_PATHS = (
					"$(SDKROOT)/Developer/Library/Frameworks",
					"$(DEVELOPER_LIBRARY_DIR)/Frameworks",
					"\"$(SRCROOT)\"",
				);
				GCC_PRECOMPILE_PREFIX_HEADER = YES;
				GCC_PREFIX_HEADER = "test/DocuSign-iOS-Sample-AppTests-Prefix.pch";
				INFOPLIST_FILE = "test/DocuSign-iOS-Sample-AppTests-Info.plist";
				OTHER_LDFLAGS = (
					"-framework",
					SenTestingKit,
					"-lxml2",
				);
				PRODUCT_NAME = "$(TARGET_NAME)";
				TEST_HOST = "$(BUNDLE_LOADER)";
				WRAPPER_EXTENSION = octest;
			};
			name = Release;
		};
/* End XCBuildConfiguration section */

/* Begin XCConfigurationList section */
		F17138CF137F0F130061B650 /* Build configuration list for PBXProject "DocuSign-iOS-Sample-App" */ = {
			isa = XCConfigurationList;
			buildConfigurations = (
				F171390A137F0F130061B650 /* Debug */,
				F171390B137F0F130061B650 /* Release */,
			);
			defaultConfigurationIsVisible = 0;
			defaultConfigurationName = Release;
		};
		F171390C137F0F130061B650 /* Build configuration list for PBXNativeTarget "DocuSign-iOS-Sample-App" */ = {
			isa = XCConfigurationList;
			buildConfigurations = (
				F171390D137F0F130061B650 /* Debug */,
				F171390E137F0F130061B650 /* Release */,
			);
			defaultConfigurationIsVisible = 0;
			defaultConfigurationName = Release;
		};
		F171390F137F0F130061B650 /* Build configuration list for PBXNativeTarget "DocuSign-iOS-Sample-AppTests" */ = {
			isa = XCConfigurationList;
			buildConfigurations = (
				F1713910137F0F130061B650 /* Debug */,
				F1713911137F0F130061B650 /* Release */,
			);
			defaultConfigurationIsVisible = 0;
			defaultConfigurationName = Release;
		};
/* End XCConfigurationList section */
	};
	rootObject = F17138CC137F0F130061B650 /* Project object */;
}
